
Microsoft Visual Studio Solution File, Format Version 12.00
# Visual Studio Version 17
VisualStudioVersion = 17.11.35327.3
MinimumVisualStudioVersion = 10.0.40219.1
Project("{9A19103F-16F7-4668-BE54-9A1E7A4F7556}") = "ex01", "ex01\ex01.csproj", "{39F7C859-8D06-44D5-8E74-3DECDE1BFCA0}"
EndProject
Project("{9A19103F-16F7-4668-BE54-9A1E7A4F7556}") = "ex02", "ex02\ex02.csproj", "{19CA48F3-FD1D-4798-917D-698228949CE5}"
EndProject
Project("{9A19103F-16F7-4668-BE54-9A1E7A4F7556}") = "ex03", "ex03\ex03.csproj", "{36A57800-99E2-4530-A2D8-DF8EE006D3A9}"
EndProject
Project("{9A19103F-16F7-4668-BE54-9A1E7A4F7556}") = "ex04", "ex04\ex04.csproj", "{A514A850-7BAF-4164-B9DC-A78F415C6826}"
EndProject
Project("{9A19103F-16F7-4668-BE54-9A1E7A4F7556}") = "ex05", "ex05\ex05.csproj", "{A0FDC3BB-8D45-4984-A971-2C357D95A83C}"
EndProject
Project("{9A19103F-16F7-4668-BE54-9A1E7A4F7556}") = "ex06", "ex06\ex06.csproj", "{1D7CC133-3037-4FFE-B753-99D69397F2E8}"
EndProject
Project("{9A19103F-16F7-4668-BE54-9A1E7A4F7556}") = "ex07", "ex07\ex07.csproj", "{C036F926-BBAB-4E84-8163-840E14F73C62}"
EndProject
Project("{FAE04EC0-301F-11D3-BF4B-00C04F79EFBC}") = "ex08", "ex08\ex08.csproj", "{CC8D00F9-DBB6-428E-9A82-11D2A8515C13}"
EndProject
Project("{FAE04EC0-301F-11D3-BF4B-00C04F79EFBC}") = "ex09", "ex09\ex09.csproj", "{9D2DBCF6-160C-40BE-910F-A302F7020F0E}"
EndProject
Project("{FAE04EC0-301F-11D3-BF4B-00C04F79EFBC}") = "ex10", "ex10\ex10.csproj", "{2234D994-4534-40CB-BDEF-F608E5A76173}"
EndProject
Project("{FAE04EC0-301F-11D3-BF4B-00C04F79EFBC}") = "ex11", "ex11\ex11.csproj", "{B9E9F063-6C8B-4A9E-BAEF-5845E23B2B6F}"
EndProject
Project("{FAE04EC0-301F-11D3-BF4B-00C04F79EFBC}") = "ex12", "ex12\ex12.csproj", "{DE624A54-F45F-406A-94C8-81A6C08B04C8}"
EndProject
Project("{FAE04EC0-301F-11D3-BF4B-00C04F79EFBC}") = "ex13", "ex13\ex13.csproj", "{7377DDC2-34B0-446C-AE49-16556B1FCBA7}"
EndProject
Project("{FAE04EC0-301F-11D3-BF4B-00C04F79EFBC}") = "ex14", "ex14\ex14.csproj", "{DB7D9C87-DF1D-4D65-9ACC-4B63D44B4D61}"
EndProject
Project("{FAE04EC0-301F-11D3-BF4B-00C04F79EFBC}") = "ex15", "ex15\ex15.csproj", "{337877EA-5C11-423F-A82E-EB212D672DBB}"
EndProject
Project("{FAE04EC0-301F-11D3-BF4B-00C04F79EFBC}") = "ex16", "ex16\ex16.csproj", "{D271CBFA-67FB-4692-96BF-8CF062B403E9}"
EndProject
Project("{FAE04EC0-301F-11D3-BF4B-00C04F79EFBC}") = "ex17", "ex17\ex17.csproj", "{87BB1E23-96F0-40A2-A4D4-85BA8E63C145}"
EndProject
Project("{FAE04EC0-301F-11D3-BF4B-00C04F79EFBC}") = "ex18", "ex18\ex18.csproj", "{977DFB24-7BD2-453C-9EA1-3C007D2E5B72}"
EndProject
Project("{FAE04EC0-301F-11D3-BF4B-00C04F79EFBC}") = "ex19", "ex19\ex19.csproj", "{F15F3D75-2CC4-4A4E-9383-D674D9854C5F}"
EndProject
Project("{FAE04EC0-301F-11D3-BF4B-00C04F79EFBC}") = "ex20", "ex20\ex20.csproj", "{1F5D3454-1496-44D8-BF47-188C36A11A4C}"
EndProject
Project("{FAE04EC0-301F-11D3-BF4B-00C04F79EFBC}") = "ex21", "ex21\ex21.csproj", "{EAED7B20-96DE-4AAA-A25A-307519A411AC}"
EndProject
Project("{FAE04EC0-301F-11D3-BF4B-00C04F79EFBC}") = "ex22", "ConsoleApp1\ex22.csproj", "{DFAC9619-9767-4FC5-BF70-7432EE712901}"
EndProject
Project("{FAE04EC0-301F-11D3-BF4B-00C04F79EFBC}") = "ex23", "ex23\ex23.csproj", "{D047EA42-2461-41BF-BCF1-3CABA84C9825}"
EndProject
Project("{FAE04EC0-301F-11D3-BF4B-00C04F79EFBC}") = "ex24", "ex24\ex24.csproj", "{401A2343-19FF-42CB-A07A-61BF454B04D6}"
EndProject
Project("{FAE04EC0-301F-11D3-BF4B-00C04F79EFBC}") = "ex25", "ex25\ex25.csproj", "{D3989614-3916-423E-BBB8-4A195EA46598}"
EndProject
Project("{FAE04EC0-301F-11D3-BF4B-00C04F79EFBC}") = "ex26", "ex26\ex26.csproj", "{8DD95B84-7B70-4305-B9AA-47A8881A2E56}"
EndProject
Project("{FAE04EC0-301F-11D3-BF4B-00C04F79EFBC}") = "ex27", "ex27\ex27.csproj", "{108D806F-A5D7-4648-AD13-67460A1A26B4}"
EndProject
Project("{FAE04EC0-301F-11D3-BF4B-00C04F79EFBC}") = "ex28", "ex28\ex28.csproj", "{4A5D967C-1A3C-4B98-95C2-94807EDC9E62}"
EndProject
Global
	GlobalSection(SolutionConfigurationPlatforms) = preSolution
		Debug|Any CPU = Debug|Any CPU
		Release|Any CPU = Release|Any CPU
	EndGlobalSection
	GlobalSection(ProjectConfigurationPlatforms) = postSolution
		{39F7C859-8D06-44D5-8E74-3DECDE1BFCA0}.Debug|Any CPU.ActiveCfg = Debug|Any CPU
		{39F7C859-8D06-44D5-8E74-3DECDE1BFCA0}.Debug|Any CPU.Build.0 = Debug|Any CPU
		{39F7C859-8D06-44D5-8E74-3DECDE1BFCA0}.Release|Any CPU.ActiveCfg = Release|Any CPU
		{39F7C859-8D06-44D5-8E74-3DECDE1BFCA0}.Release|Any CPU.Build.0 = Release|Any CPU
		{19CA48F3-FD1D-4798-917D-698228949CE5}.Debug|Any CPU.ActiveCfg = Debug|Any CPU
		{19CA48F3-FD1D-4798-917D-698228949CE5}.Debug|Any CPU.Build.0 = Debug|Any CPU
		{19CA48F3-FD1D-4798-917D-698228949CE5}.Release|Any CPU.ActiveCfg = Release|Any CPU
		{19CA48F3-FD1D-4798-917D-698228949CE5}.Release|Any CPU.Build.0 = Release|Any CPU
		{36A57800-99E2-4530-A2D8-DF8EE006D3A9}.Debug|Any CPU.ActiveCfg = Debug|Any CPU
		{36A57800-99E2-4530-A2D8-DF8EE006D3A9}.Debug|Any CPU.Build.0 = Debug|Any CPU
		{36A57800-99E2-4530-A2D8-DF8EE006D3A9}.Release|Any CPU.ActiveCfg = Release|Any CPU
		{36A57800-99E2-4530-A2D8-DF8EE006D3A9}.Release|Any CPU.Build.0 = Release|Any CPU
		{A514A850-7BAF-4164-B9DC-A78F415C6826}.Debug|Any CPU.ActiveCfg = Debug|Any CPU
		{A514A850-7BAF-4164-B9DC-A78F415C6826}.Debug|Any CPU.Build.0 = Debug|Any CPU
		{A514A850-7BAF-4164-B9DC-A78F415C6826}.Release|Any CPU.ActiveCfg = Release|Any CPU
		{A514A850-7BAF-4164-B9DC-A78F415C6826}.Release|Any CPU.Build.0 = Release|Any CPU
		{A0FDC3BB-8D45-4984-A971-2C357D95A83C}.Debug|Any CPU.ActiveCfg = Debug|Any CPU
		{A0FDC3BB-8D45-4984-A971-2C357D95A83C}.Debug|Any CPU.Build.0 = Debug|Any CPU
		{A0FDC3BB-8D45-4984-A971-2C357D95A83C}.Release|Any CPU.ActiveCfg = Release|Any CPU
		{A0FDC3BB-8D45-4984-A971-2C357D95A83C}.Release|Any CPU.Build.0 = Release|Any CPU
		{1D7CC133-3037-4FFE-B753-99D69397F2E8}.Debug|Any CPU.ActiveCfg = Debug|Any CPU
		{1D7CC133-3037-4FFE-B753-99D69397F2E8}.Debug|Any CPU.Build.0 = Debug|Any CPU
		{1D7CC133-3037-4FFE-B753-99D69397F2E8}.Release|Any CPU.ActiveCfg = Release|Any CPU
		{1D7CC133-3037-4FFE-B753-99D69397F2E8}.Release|Any CPU.Build.0 = Release|Any CPU
		{C036F926-BBAB-4E84-8163-840E14F73C62}.Debug|Any CPU.ActiveCfg = Debug|Any CPU
		{C036F926-BBAB-4E84-8163-840E14F73C62}.Debug|Any CPU.Build.0 = Debug|Any CPU
		{C036F926-BBAB-4E84-8163-840E14F73C62}.Release|Any CPU.ActiveCfg = Release|Any CPU
		{C036F926-BBAB-4E84-8163-840E14F73C62}.Release|Any CPU.Build.0 = Release|Any CPU
		{CC8D00F9-DBB6-428E-9A82-11D2A8515C13}.Debug|Any CPU.ActiveCfg = Debug|Any CPU
		{CC8D00F9-DBB6-428E-9A82-11D2A8515C13}.Debug|Any CPU.Build.0 = Debug|Any CPU
		{CC8D00F9-DBB6-428E-9A82-11D2A8515C13}.Release|Any CPU.ActiveCfg = Release|Any CPU
		{CC8D00F9-DBB6-428E-9A82-11D2A8515C13}.Release|Any CPU.Build.0 = Release|Any CPU
		{9D2DBCF6-160C-40BE-910F-A302F7020F0E}.Debug|Any CPU.ActiveCfg = Debug|Any CPU
		{9D2DBCF6-160C-40BE-910F-A302F7020F0E}.Debug|Any CPU.Build.0 = Debug|Any CPU
		{9D2DBCF6-160C-40BE-910F-A302F7020F0E}.Release|Any CPU.ActiveCfg = Release|Any CPU
		{9D2DBCF6-160C-40BE-910F-A302F7020F0E}.Release|Any CPU.Build.0 = Release|Any CPU
		{2234D994-4534-40CB-BDEF-F608E5A76173}.Debug|Any CPU.ActiveCfg = Debug|Any CPU
		{2234D994-4534-40CB-BDEF-F608E5A76173}.Debug|Any CPU.Build.0 = Debug|Any CPU
		{2234D994-4534-40CB-BDEF-F608E5A76173}.Release|Any CPU.ActiveCfg = Release|Any CPU
		{2234D994-4534-40CB-BDEF-F608E5A76173}.Release|Any CPU.Build.0 = Release|Any CPU
		{B9E9F063-6C8B-4A9E-BAEF-5845E23B2B6F}.Debug|Any CPU.ActiveCfg = Debug|Any CPU
		{B9E9F063-6C8B-4A9E-BAEF-5845E23B2B6F}.Debug|Any CPU.Build.0 = Debug|Any CPU
		{B9E9F063-6C8B-4A9E-BAEF-5845E23B2B6F}.Release|Any CPU.ActiveCfg = Release|Any CPU
		{B9E9F063-6C8B-4A9E-BAEF-5845E23B2B6F}.Release|Any CPU.Build.0 = Release|Any CPU
		{DE624A54-F45F-406A-94C8-81A6C08B04C8}.Debug|Any CPU.ActiveCfg = Debug|Any CPU
		{DE624A54-F45F-406A-94C8-81A6C08B04C8}.Debug|Any CPU.Build.0 = Debug|Any CPU
		{DE624A54-F45F-406A-94C8-81A6C08B04C8}.Release|Any CPU.ActiveCfg = Release|Any CPU
		{DE624A54-F45F-406A-94C8-81A6C08B04C8}.Release|Any CPU.Build.0 = Release|Any CPU
		{7377DDC2-34B0-446C-AE49-16556B1FCBA7}.Debug|Any CPU.ActiveCfg = Debug|Any CPU
		{7377DDC2-34B0-446C-AE49-16556B1FCBA7}.Debug|Any CPU.Build.0 = Debug|Any CPU
		{7377DDC2-34B0-446C-AE49-16556B1FCBA7}.Release|Any CPU.ActiveCfg = Release|Any CPU
		{7377DDC2-34B0-446C-AE49-16556B1FCBA7}.Release|Any CPU.Build.0 = Release|Any CPU
		{DB7D9C87-DF1D-4D65-9ACC-4B63D44B4D61}.Debug|Any CPU.ActiveCfg = Debug|Any CPU
		{DB7D9C87-DF1D-4D65-9ACC-4B63D44B4D61}.Debug|Any CPU.Build.0 = Debug|Any CPU
		{DB7D9C87-DF1D-4D65-9ACC-4B63D44B4D61}.Release|Any CPU.ActiveCfg = Release|Any CPU
		{DB7D9C87-DF1D-4D65-9ACC-4B63D44B4D61}.Release|Any CPU.Build.0 = Release|Any CPU
		{337877EA-5C11-423F-A82E-EB212D672DBB}.Debug|Any CPU.ActiveCfg = Debug|Any CPU
		{337877EA-5C11-423F-A82E-EB212D672DBB}.Debug|Any CPU.Build.0 = Debug|Any CPU
		{337877EA-5C11-423F-A82E-EB212D672DBB}.Release|Any CPU.ActiveCfg = Release|Any CPU
		{337877EA-5C11-423F-A82E-EB212D672DBB}.Release|Any CPU.Build.0 = Release|Any CPU
		{D271CBFA-67FB-4692-96BF-8CF062B403E9}.Debug|Any CPU.ActiveCfg = Debug|Any CPU
		{D271CBFA-67FB-4692-96BF-8CF062B403E9}.Debug|Any CPU.Build.0 = Debug|Any CPU
		{D271CBFA-67FB-4692-96BF-8CF062B403E9}.Release|Any CPU.ActiveCfg = Release|Any CPU
		{D271CBFA-67FB-4692-96BF-8CF062B403E9}.Release|Any CPU.Build.0 = Release|Any CPU
		{87BB1E23-96F0-40A2-A4D4-85BA8E63C145}.Debug|Any CPU.ActiveCfg = Debug|Any CPU
		{87BB1E23-96F0-40A2-A4D4-85BA8E63C145}.Debug|Any CPU.Build.0 = Debug|Any CPU
		{87BB1E23-96F0-40A2-A4D4-85BA8E63C145}.Release|Any CPU.ActiveCfg = Release|Any CPU
		{87BB1E23-96F0-40A2-A4D4-85BA8E63C145}.Release|Any CPU.Build.0 = Release|Any CPU
		{977DFB24-7BD2-453C-9EA1-3C007D2E5B72}.Debug|Any CPU.ActiveCfg = Debug|Any CPU
		{977DFB24-7BD2-453C-9EA1-3C007D2E5B72}.Debug|Any CPU.Build.0 = Debug|Any CPU
		{977DFB24-7BD2-453C-9EA1-3C007D2E5B72}.Release|Any CPU.ActiveCfg = Release|Any CPU
		{977DFB24-7BD2-453C-9EA1-3C007D2E5B72}.Release|Any CPU.Build.0 = Release|Any CPU
		{F15F3D75-2CC4-4A4E-9383-D674D9854C5F}.Debug|Any CPU.ActiveCfg = Debug|Any CPU
		{F15F3D75-2CC4-4A4E-9383-D674D9854C5F}.Debug|Any CPU.Build.0 = Debug|Any CPU
		{F15F3D75-2CC4-4A4E-9383-D674D9854C5F}.Release|Any CPU.ActiveCfg = Release|Any CPU
		{F15F3D75-2CC4-4A4E-9383-D674D9854C5F}.Release|Any CPU.Build.0 = Release|Any CPU
		{1F5D3454-1496-44D8-BF47-188C36A11A4C}.Debug|Any CPU.ActiveCfg = Debug|Any CPU
		{1F5D3454-1496-44D8-BF47-188C36A11A4C}.Debug|Any CPU.Build.0 = Debug|Any CPU
		{1F5D3454-1496-44D8-BF47-188C36A11A4C}.Release|Any CPU.ActiveCfg = Release|Any CPU
		{1F5D3454-1496-44D8-BF47-188C36A11A4C}.Release|Any CPU.Build.0 = Release|Any CPU
		{EAED7B20-96DE-4AAA-A25A-307519A411AC}.Debug|Any CPU.ActiveCfg = Debug|Any CPU
		{EAED7B20-96DE-4AAA-A25A-307519A411AC}.Debug|Any CPU.Build.0 = Debug|Any CPU
		{EAED7B20-96DE-4AAA-A25A-307519A411AC}.Release|Any CPU.ActiveCfg = Release|Any CPU
		{EAED7B20-96DE-4AAA-A25A-307519A411AC}.Release|Any CPU.Build.0 = Release|Any CPU
		{DFAC9619-9767-4FC5-BF70-7432EE712901}.Debug|Any CPU.ActiveCfg = Debug|Any CPU
		{DFAC9619-9767-4FC5-BF70-7432EE712901}.Debug|Any CPU.Build.0 = Debug|Any CPU
		{DFAC9619-9767-4FC5-BF70-7432EE712901}.Release|Any CPU.ActiveCfg = Release|Any CPU
		{DFAC9619-9767-4FC5-BF70-7432EE712901}.Release|Any CPU.Build.0 = Release|Any CPU
		{D047EA42-2461-41BF-BCF1-3CABA84C9825}.Debug|Any CPU.ActiveCfg = Debug|Any CPU
		{D047EA42-2461-41BF-BCF1-3CABA84C9825}.Debug|Any CPU.Build.0 = Debug|Any CPU
		{D047EA42-2461-41BF-BCF1-3CABA84C9825}.Release|Any CPU.ActiveCfg = Release|Any CPU
		{D047EA42-2461-41BF-BCF1-3CABA84C9825}.Release|Any CPU.Build.0 = Release|Any CPU
		{401A2343-19FF-42CB-A07A-61BF454B04D6}.Debug|Any CPU.ActiveCfg = Debug|Any CPU
		{401A2343-19FF-42CB-A07A-61BF454B04D6}.Debug|Any CPU.Build.0 = Debug|Any CPU
		{401A2343-19FF-42CB-A07A-61BF454B04D6}.Release|Any CPU.ActiveCfg = Release|Any CPU
		{401A2343-19FF-42CB-A07A-61BF454B04D6}.Release|Any CPU.Build.0 = Release|Any CPU
		{D3989614-3916-423E-BBB8-4A195EA46598}.Debug|Any CPU.ActiveCfg = Debug|Any CPU
		{D3989614-3916-423E-BBB8-4A195EA46598}.Debug|Any CPU.Build.0 = Debug|Any CPU
		{D3989614-3916-423E-BBB8-4A195EA46598}.Release|Any CPU.ActiveCfg = Release|Any CPU
		{D3989614-3916-423E-BBB8-4A195EA46598}.Release|Any CPU.Build.0 = Release|Any CPU
		{8DD95B84-7B70-4305-B9AA-47A8881A2E56}.Debug|Any CPU.ActiveCfg = Debug|Any CPU
		{8DD95B84-7B70-4305-B9AA-47A8881A2E56}.Debug|Any CPU.Build.0 = Debug|Any CPU
		{8DD95B84-7B70-4305-B9AA-47A8881A2E56}.Release|Any CPU.ActiveCfg = Release|Any CPU
		{8DD95B84-7B70-4305-B9AA-47A8881A2E56}.Release|Any CPU.Build.0 = Release|Any CPU
		{108D806F-A5D7-4648-AD13-67460A1A26B4}.Debug|Any CPU.ActiveCfg = Debug|Any CPU
		{108D806F-A5D7-4648-AD13-67460A1A26B4}.Debug|Any CPU.Build.0 = Debug|Any CPU
		{108D806F-A5D7-4648-AD13-67460A1A26B4}.Release|Any CPU.ActiveCfg = Release|Any CPU
		{108D806F-A5D7-4648-AD13-67460A1A26B4}.Release|Any CPU.Build.0 = Release|Any CPU
		{4A5D967C-1A3C-4B98-95C2-94807EDC9E62}.Debug|Any CPU.ActiveCfg = Debug|Any CPU
		{4A5D967C-1A3C-4B98-95C2-94807EDC9E62}.Debug|Any CPU.Build.0 = Debug|Any CPU
		{4A5D967C-1A3C-4B98-95C2-94807EDC9E62}.Release|Any CPU.ActiveCfg = Release|Any CPU
		{4A5D967C-1A3C-4B98-95C2-94807EDC9E62}.Release|Any CPU.Build.0 = Release|Any CPU
	EndGlobalSection
	GlobalSection(SolutionProperties) = preSolution
		HideSolutionNode = FALSE
	EndGlobalSection
	GlobalSection(ExtensibilityGlobals) = postSolution
		SolutionGuid = {FBC9028B-F5EC-4665-8ADC-5DF7463D0936}
	EndGlobalSection
EndGlobal
